
Microsoft Visual Studio Solution File, Format Version 12.00
# Visual Studio Version 16
VisualStudioVersion = 16.0.31005.135
MinimumVisualStudioVersion = 10.0.40219.1
Project("{9A19103F-16F7-4668-BE54-9A1E7A4F7556}") = "Lost-21jc", "Lost-21jc.csproj", "{6831A892-E01B-4B8E-99B3-20449C1A73F4}"
EndProject
Global
	GlobalSection(SolutionConfigurationPlatforms) = preSolution
		Debug|Any CPU = Debug|Any CPU
		Release|Any CPU = Release|Any CPU
	EndGlobalSection
	GlobalSection(ProjectConfigurationPlatforms) = postSolution
		{6831A892-E01B-4B8E-99B3-20449C1A73F4}.Debug|Any CPU.ActiveCfg = Debug|Any CPU
		{6831A892-E01B-4B8E-99B3-20449C1A73F4}.Debug|Any CPU.Build.0 = Debug|Any CPU
		{6831A892-E01B-4B8E-99B3-20449C1A73F4}.Release|Any CPU.ActiveCfg = Release|Any CPU
		{6831A892-E01B-4B8E-99B3-20449C1A73F4}.Release|Any CPU.Build.0 = Release|Any CPU
	EndGlobalSection
	GlobalSection(SolutionProperties) = preSolution
		HideSolutionNode = FALSE
	EndGlobalSection
	GlobalSection(ExtensibilityGlobals) = postSolution
		SolutionGuid = {AD5A85FB-89D8-454D-B6D8-D18E59F95D6B}
	EndGlobalSection
EndGlobal
